{
  "name": "automerge-bad-doc-heads-example",
  "version": "1.0.0",
  "lockfileVersion": 2,
  "requires": true,
  "packages": {
    "": {
      "name": "automerge-bad-doc-heads-example",
      "version": "1.0.0",
      "license": "ISC",
      "dependencies": {
        "@automerge/automerge": "^2.0.1-alpha.5",
        "@types/node": "^18.11.15",
        "typescript": "^4.9.4"
      }
    },
    "node_modules/@automerge/automerge": {
      "version": "2.0.1",
      "resolved": "https://registry.npmjs.org/@automerge/automerge/-/automerge-2.0.1.tgz",
      "integrity": "sha512-tLfzb+0JBPruWgCKq6mzENHTtmGpKZatmApT8BeCZemzvmR1jkfl+XdoUQtR1PMcYzfWQzwgV4LkoqHxzx9Wxw==",
      "dependencies": {
        "@automerge/automerge-wasm": "0.1.23",
        "uuid": "^9.0.0"
      }
    },
    "node_modules/@automerge/automerge-wasm": {
      "version": "0.1.23",
      "resolved": "https://registry.npmjs.org/@automerge/automerge-wasm/-/automerge-wasm-0.1.23.tgz",
      "integrity": "sha512-hAKqZgu+GGRwfMJpoEF7JZIpqKo3nnfrkE9WuM8WrHqzGwfVAgLaNjsscdzMNar1kVjuwAZ8f1D+wA7kQZ0vuw=="
    },
    "node_modules/@types/node": {
      "version": "18.11.18",
      "resolved": "https://registry.npmjs.org/@types/node/-/node-18.11.18.tgz",
      "integrity": "sha512-DHQpWGjyQKSHj3ebjFI/wRKcqQcdR+MoFBygntYOZytCqNfkd2ZC4ARDJ2DQqhjH5p85Nnd3jhUJIXrszFX/JA=="
    },
    "node_modules/typescript": {
      "version": "4.9.4",
      "resolved": "https://registry.npmjs.org/typescript/-/typescript-4.9.4.tgz",
      "integrity": "sha512-Uz+dTXYzxXXbsFpM86Wh3dKCxrQqUcVMxwU54orwlJjOpO3ao8L7j5lH+dWfTwgCwIuM9GQ2kvVotzYJMXTBZg==",
      "bin": {
        "tsc": "bin/tsc",
        "tsserver": "bin/tsserver"
      },
      "engines": {
        "node": ">=4.2.0"
      }
    },
    "node_modules/uuid": {
      "version": "9.0.0",
      "resolved": "https://registry.npmjs.org/uuid/-/uuid-9.0.0.tgz",
      "integrity": "sha512-MXcSTerfPa4uqyzStbRoTgt5XIe3x5+42+q1sDuy3R5MDk66URdLMOZe5aPX/SQd+kuYAh0FdP/pO28IkQyTeg==",
      "bin": {
        "uuid": "dist/bin/uuid"
      }
    }
  },
  "dependencies": {
    "@automerge/automerge": {
      "version": "2.0.1",
      "resolved": "https://registry.npmjs.org/@automerge/automerge/-/automerge-2.0.1.tgz",
      "integrity": "sha512-tLfzb+0JBPruWgCKq6mzENHTtmGpKZatmApT8BeCZemzvmR1jkfl+XdoUQtR1PMcYzfWQzwgV4LkoqHxzx9Wxw==",
      "requires": {
        "@automerge/automerge-wasm": "0.1.23",
        "uuid": "^9.0.0"
      }
    },
    "@automerge/automerge-wasm": {
      "version": "0.1.23",
      "resolved": "https://registry.npmjs.org/@automerge/automerge-wasm/-/automerge-wasm-0.1.23.tgz",
      "integrity": "sha512-hAKqZgu+GGRwfMJpoEF7JZIpqKo3nnfrkE9WuM8WrHqzGwfVAgLaNjsscdzMNar1kVjuwAZ8f1D+wA7kQZ0vuw=="
    },
    "@types/node": {
      "version": "18.11.18",
      "resolved": "https://registry.npmjs.org/@types/node/-/node-18.11.18.tgz",
      "integrity": "sha512-DHQpWGjyQKSHj3ebjFI/wRKcqQcdR+MoFBygntYOZytCqNfkd2ZC4ARDJ2DQqhjH5p85Nnd3jhUJIXrszFX/JA=="
    },
    "typescript": {
      "version": "4.9.4",
      "resolved": "https://registry.npmjs.org/typescript/-/typescript-4.9.4.tgz",
      "integrity": "sha512-Uz+dTXYzxXXbsFpM86Wh3dKCxrQqUcVMxwU54orwlJjOpO3ao8L7j5lH+dWfTwgCwIuM9GQ2kvVotzYJMXTBZg=="
    },
    "uuid": {
      "version": "9.0.0",
      "resolved": "https://registry.npmjs.org/uuid/-/uuid-9.0.0.tgz",
      "integrity": "sha512-MXcSTerfPa4uqyzStbRoTgt5XIe3x5+42+q1sDuy3R5MDk66URdLMOZe5aPX/SQd+kuYAh0FdP/pO28IkQyTeg=="
    }
  }
}
